<?xml version="1.0" encoding="utf-8"?>
<Project ToolsVersion="4.0" xmlns="http://schemas.microsoft.com/developer/msbuild/2003">
  <ItemGroup>
    <Filter Include="Source Files">
      <UniqueIdentifier>{4FC737F1-C7A5-4376-A066-2A32D752A2FF}</UniqueIdentifier>
      <Extensions>cpp;c;cc;cxx;def;odl;idl;hpj;bat;asm;asmx</Extensions>
    </Filter>
  </ItemGroup>
  <ItemGroup>
    <ClCompile Include="dllmain.cpp">
      <Filter>Source Files</Filter>
    </ClCompile>
    <ClCompile Include="WndHook.cpp">
      <Filter>Source Files</Filter>
    </ClCompile>
    <ClCompile Include="WindowCtl.cpp">
      <Filter>Source Files</Filter>
    </ClCompile>
    <ClCompile Include="sha3.h">
      <Filter>Source Files</Filter>
    </ClCompile>
    <ClCompile Include="sha3.cpp">
      <Filter>Source Files</Filter>
    </ClCompile>
  </ItemGroup>
  <ItemGroup>
    <ClInclude Include="WndHook.h">
      <Filter>Source Files</Filter>
    </ClInclude>
    <ClInclude Include="WindowCtl.h">
      <Filter>Source Files</Filter>
    </ClInclude>
    <ClInclude Include="DbgCtl.h">
      <Filter>Source Files</Filter>
    </ClInclude>
    <ClInclude Include="..\DebuggerCtlCodes.h">
      <Filter>Source Files</Filter>
    </ClInclude>
    <ClInclude Include="ntos.h">
      <Filter>Source Files</Filter>
    </ClInclude>
    <ClInclude Include="pseudoIAT.h">
      <Filter>Source Files</Filter>
    </ClInclude>
  </ItemGroup>
  <ItemGroup>
    <MASM Include="DbgCtl.asm">
      <Filter>Source Files</Filter>
    </MASM>
  </ItemGroup>
</Project>